
Microsoft Visual Studio Solution File, Format Version 12.00
# Visual Studio Version 17
VisualStudioVersion = 17.10.35013.160
MinimumVisualStudioVersion = 10.0.40219.1
Project("{FAE04EC0-301F-11D3-BF4B-00C04F79EFBC}") = "ExamplaDotNetLib", "ExamplaDotNetLib\ExamplaDotNetLib.csproj", "{2F87B47C-3D64-4D2E-9BAB-5468D295DCE9}"
EndProject
Global
	GlobalSection(SolutionConfigurationPlatforms) = preSolution
		Debug|Any CPU = Debug|Any CPU
		Release|Any CPU = Release|Any CPU
	EndGlobalSection
	GlobalSection(ProjectConfigurationPlatforms) = postSolution
		{2F87B47C-3D64-4D2E-9BAB-5468D295DCE9}.Debug|Any CPU.ActiveCfg = Debug|Any CPU
		{2F87B47C-3D64-4D2E-9BAB-5468D295DCE9}.Debug|Any CPU.Build.0 = Debug|Any CPU
		{2F87B47C-3D64-4D2E-9BAB-5468D295DCE9}.Release|Any CPU.ActiveCfg = Release|Any CPU
		{2F87B47C-3D64-4D2E-9BAB-5468D295DCE9}.Release|Any CPU.Build.0 = Release|Any CPU
	EndGlobalSection
	GlobalSection(SolutionProperties) = preSolution
		HideSolutionNode = FALSE
	EndGlobalSection
	GlobalSection(ExtensibilityGlobals) = postSolution
		SolutionGuid = {A80D65A9-BCBD-4336-A9ED-CFA8D6C4628D}
	EndGlobalSection
EndGlobal
